
Microsoft Visual Studio Solution File, Format Version 12.00
# Visual Studio Version 16
VisualStudioVersion = 16.0.810.0
MinimumVisualStudioVersion = 10.0.40219.1
Project("{FAE04EC0-301F-11D3-BF4B-00C04F79EFBC}") = "Xamarin_app_0.Android", "Xamarin_app_0.Android\Xamarin_app_0.Android.csproj", "{E48F0C7A-0B19-48BF-86F6-81376B29B19B}"
EndProject
Project("{FAE04EC0-301F-11D3-BF4B-00C04F79EFBC}") = "Xamarin_app_0.iOS", "Xamarin_app_0.iOS\Xamarin_app_0.iOS.csproj", "{411254F2-7752-44F0-940E-D1128059183C}"
EndProject
Project("{FAE04EC0-301F-11D3-BF4B-00C04F79EFBC}") = "Xamarin_app_0", "Xamarin_app_0\Xamarin_app_0.csproj", "{1F8E14E1-9656-4B32-AA17-B0D80C53EFF1}"
EndProject
Global
	GlobalSection(SolutionConfigurationPlatforms) = preSolution
		Debug|Any CPU = Debug|Any CPU
		Release|Any CPU = Release|Any CPU
		Debug|iPhoneSimulator = Debug|iPhoneSimulator
		Release|iPhoneSimulator = Release|iPhoneSimulator
		Debug|iPhone = Debug|iPhone
		Release|iPhone = Release|iPhone
	EndGlobalSection
	GlobalSection(ProjectConfigurationPlatforms) = postSolution
		{E48F0C7A-0B19-48BF-86F6-81376B29B19B}.Debug|Any CPU.ActiveCfg = Debug|Any CPU
		{E48F0C7A-0B19-48BF-86F6-81376B29B19B}.Debug|Any CPU.Build.0 = Debug|Any CPU
		{E48F0C7A-0B19-48BF-86F6-81376B29B19B}.Release|Any CPU.ActiveCfg = Release|Any CPU
		{E48F0C7A-0B19-48BF-86F6-81376B29B19B}.Release|Any CPU.Build.0 = Release|Any CPU
		{E48F0C7A-0B19-48BF-86F6-81376B29B19B}.Debug|iPhoneSimulator.ActiveCfg = Debug|Any CPU
		{E48F0C7A-0B19-48BF-86F6-81376B29B19B}.Debug|iPhoneSimulator.Build.0 = Debug|Any CPU
		{E48F0C7A-0B19-48BF-86F6-81376B29B19B}.Release|iPhoneSimulator.ActiveCfg = Release|Any CPU
		{E48F0C7A-0B19-48BF-86F6-81376B29B19B}.Release|iPhoneSimulator.Build.0 = Release|Any CPU
		{E48F0C7A-0B19-48BF-86F6-81376B29B19B}.Debug|iPhone.ActiveCfg = Debug|Any CPU
		{E48F0C7A-0B19-48BF-86F6-81376B29B19B}.Debug|iPhone.Build.0 = Debug|Any CPU
		{E48F0C7A-0B19-48BF-86F6-81376B29B19B}.Release|iPhone.ActiveCfg = Release|Any CPU
		{E48F0C7A-0B19-48BF-86F6-81376B29B19B}.Release|iPhone.Build.0 = Release|Any CPU
		{411254F2-7752-44F0-940E-D1128059183C}.Debug|Any CPU.ActiveCfg = Debug|iPhoneSimulator
		{411254F2-7752-44F0-940E-D1128059183C}.Debug|Any CPU.Build.0 = Debug|iPhoneSimulator
		{411254F2-7752-44F0-940E-D1128059183C}.Release|Any CPU.ActiveCfg = Release|iPhoneSimulator
		{411254F2-7752-44F0-940E-D1128059183C}.Release|Any CPU.Build.0 = Release|iPhoneSimulator
		{411254F2-7752-44F0-940E-D1128059183C}.Debug|iPhoneSimulator.ActiveCfg = Debug|iPhoneSimulator
		{411254F2-7752-44F0-940E-D1128059183C}.Debug|iPhoneSimulator.Build.0 = Debug|iPhoneSimulator
		{411254F2-7752-44F0-940E-D1128059183C}.Release|iPhoneSimulator.ActiveCfg = Release|iPhoneSimulator
		{411254F2-7752-44F0-940E-D1128059183C}.Release|iPhoneSimulator.Build.0 = Release|iPhoneSimulator
		{411254F2-7752-44F0-940E-D1128059183C}.Debug|iPhone.ActiveCfg = Debug|iPhone
		{411254F2-7752-44F0-940E-D1128059183C}.Debug|iPhone.Build.0 = Debug|iPhone
		{411254F2-7752-44F0-940E-D1128059183C}.Release|iPhone.ActiveCfg = Release|iPhone
		{411254F2-7752-44F0-940E-D1128059183C}.Release|iPhone.Build.0 = Release|iPhone
		{1F8E14E1-9656-4B32-AA17-B0D80C53EFF1}.Debug|Any CPU.ActiveCfg = Debug|Any CPU
		{1F8E14E1-9656-4B32-AA17-B0D80C53EFF1}.Debug|Any CPU.Build.0 = Debug|Any CPU
		{1F8E14E1-9656-4B32-AA17-B0D80C53EFF1}.Release|Any CPU.ActiveCfg = Release|Any CPU
		{1F8E14E1-9656-4B32-AA17-B0D80C53EFF1}.Release|Any CPU.Build.0 = Release|Any CPU
		{1F8E14E1-9656-4B32-AA17-B0D80C53EFF1}.Debug|iPhoneSimulator.ActiveCfg = Debug|Any CPU
		{1F8E14E1-9656-4B32-AA17-B0D80C53EFF1}.Debug|iPhoneSimulator.Build.0 = Debug|Any CPU
		{1F8E14E1-9656-4B32-AA17-B0D80C53EFF1}.Release|iPhoneSimulator.ActiveCfg = Release|Any CPU
		{1F8E14E1-9656-4B32-AA17-B0D80C53EFF1}.Release|iPhoneSimulator.Build.0 = Release|Any CPU
		{1F8E14E1-9656-4B32-AA17-B0D80C53EFF1}.Debug|iPhone.ActiveCfg = Debug|Any CPU
		{1F8E14E1-9656-4B32-AA17-B0D80C53EFF1}.Debug|iPhone.Build.0 = Debug|Any CPU
		{1F8E14E1-9656-4B32-AA17-B0D80C53EFF1}.Release|iPhone.ActiveCfg = Release|Any CPU
		{1F8E14E1-9656-4B32-AA17-B0D80C53EFF1}.Release|iPhone.Build.0 = Release|Any CPU
	EndGlobalSection
	GlobalSection(SolutionProperties) = preSolution
		HideSolutionNode = FALSE
	EndGlobalSection
	GlobalSection(ExtensibilityGlobals) = postSolution
		SolutionGuid = {9236478E-7406-4C72-9D81-32158C9C55C6}
	EndGlobalSection
EndGlobal
