
Microsoft Visual Studio Solution File, Format Version 12.00
# Visual Studio Version 16
VisualStudioVersion = 16.0.31515.178
MinimumVisualStudioVersion = 10.0.40219.1
Project("{FAE04EC0-301F-11D3-BF4B-00C04F79EFBC}") = "WinFormsApp1", "WinFormsApp1.csproj", "{FEC0F0B3-45AE-42EE-BB29-C54A8C7BA53A}"
EndProject
Global
	GlobalSection(SolutionConfigurationPlatforms) = preSolution
		Debug|Any CPU = Debug|Any CPU
		Release|Any CPU = Release|Any CPU
	EndGlobalSection
	GlobalSection(ProjectConfigurationPlatforms) = postSolution
		{FEC0F0B3-45AE-42EE-BB29-C54A8C7BA53A}.Debug|Any CPU.ActiveCfg = Debug|Any CPU
		{FEC0F0B3-45AE-42EE-BB29-C54A8C7BA53A}.Debug|Any CPU.Build.0 = Debug|Any CPU
		{FEC0F0B3-45AE-42EE-BB29-C54A8C7BA53A}.Release|Any CPU.ActiveCfg = Release|Any CPU
		{FEC0F0B3-45AE-42EE-BB29-C54A8C7BA53A}.Release|Any CPU.Build.0 = Release|Any CPU
	EndGlobalSection
	GlobalSection(SolutionProperties) = preSolution
		HideSolutionNode = FALSE
	EndGlobalSection
	GlobalSection(ExtensibilityGlobals) = postSolution
		SolutionGuid = {4345EDA1-914B-402A-9CB4-F2B2DD4740A6}
	EndGlobalSection
EndGlobal
