
Microsoft Visual Studio Solution File, Format Version 12.00
# Visual Studio Version 16
VisualStudioVersion = 16.0.31424.327
MinimumVisualStudioVersion = 10.0.40219.1
Project("{FAE04EC0-301F-11D3-BF4B-00C04F79EFBC}") = "WebApplication1", "WebApplication1.csproj", "{42DDCF68-81C4-4A0D-AD78-2DA353B83CF5}"
EndProject
Global
	GlobalSection(SolutionConfigurationPlatforms) = preSolution
		Debug|Any CPU = Debug|Any CPU
		Release|Any CPU = Release|Any CPU
	EndGlobalSection
	GlobalSection(ProjectConfigurationPlatforms) = postSolution
		{42DDCF68-81C4-4A0D-AD78-2DA353B83CF5}.Debug|Any CPU.ActiveCfg = Debug|Any CPU
		{42DDCF68-81C4-4A0D-AD78-2DA353B83CF5}.Debug|Any CPU.Build.0 = Debug|Any CPU
		{42DDCF68-81C4-4A0D-AD78-2DA353B83CF5}.Release|Any CPU.ActiveCfg = Release|Any CPU
		{42DDCF68-81C4-4A0D-AD78-2DA353B83CF5}.Release|Any CPU.Build.0 = Release|Any CPU
	EndGlobalSection
	GlobalSection(SolutionProperties) = preSolution
		HideSolutionNode = FALSE
	EndGlobalSection
	GlobalSection(ExtensibilityGlobals) = postSolution
		SolutionGuid = {3FF8F86F-8A06-44D0-A9FD-2A70EDB30E27}
	EndGlobalSection
EndGlobal
